
Microsoft Visual Studio Solution File, Format Version 12.00
# Visual Studio 15
VisualStudioVersion = 15.0.28010.2026
MinimumVisualStudioVersion = 10.0.40219.1
Project("{FAE04EC0-301F-11D3-BF4B-00C04F79EFBC}") = "PlayerIOClient.Fluent", "PlayerIOClient.Fluent\PlayerIOClient.Fluent.csproj", "{5E60A11C-C7F0-4414-AC16-92541E718E8A}"
EndProject
Project("{FAE04EC0-301F-11D3-BF4B-00C04F79EFBC}") = "PlayerIOClient.Fluent.Demo", "PlayerIOClient.Fluent.Demo\PlayerIOClient.Fluent.Demo.csproj", "{08040F7A-A584-4E65-9721-1EF7DA603930}"
EndProject
Global
	GlobalSection(SolutionConfigurationPlatforms) = preSolution
		Debug|Any CPU = Debug|Any CPU
		Release|Any CPU = Release|Any CPU
	EndGlobalSection
	GlobalSection(ProjectConfigurationPlatforms) = postSolution
		{5E60A11C-C7F0-4414-AC16-92541E718E8A}.Debug|Any CPU.ActiveCfg = Debug|Any CPU
		{5E60A11C-C7F0-4414-AC16-92541E718E8A}.Debug|Any CPU.Build.0 = Debug|Any CPU
		{5E60A11C-C7F0-4414-AC16-92541E718E8A}.Release|Any CPU.ActiveCfg = Release|Any CPU
		{5E60A11C-C7F0-4414-AC16-92541E718E8A}.Release|Any CPU.Build.0 = Release|Any CPU
		{08040F7A-A584-4E65-9721-1EF7DA603930}.Debug|Any CPU.ActiveCfg = Debug|Any CPU
		{08040F7A-A584-4E65-9721-1EF7DA603930}.Debug|Any CPU.Build.0 = Debug|Any CPU
		{08040F7A-A584-4E65-9721-1EF7DA603930}.Release|Any CPU.ActiveCfg = Release|Any CPU
		{08040F7A-A584-4E65-9721-1EF7DA603930}.Release|Any CPU.Build.0 = Release|Any CPU
	EndGlobalSection
	GlobalSection(SolutionProperties) = preSolution
		HideSolutionNode = FALSE
	EndGlobalSection
	GlobalSection(ExtensibilityGlobals) = postSolution
		SolutionGuid = {C7F64C93-75A7-415E-B8EB-E65182F6335D}
	EndGlobalSection
EndGlobal
